
Microsoft Visual Studio Solution File, Format Version 12.00
# Visual Studio Version 17
VisualStudioVersion = 17.7.34202.233
MinimumVisualStudioVersion = 10.0.40219.1
Project("{9A19103F-16F7-4668-BE54-9A1E7A4F7556}") = "Furniro", "Furniro\Furniro.csproj", "{9FC689A7-F26D-4567-BA2C-FFE5E9E18660}"
EndProject
Project("{9A19103F-16F7-4668-BE54-9A1E7A4F7556}") = "Application", "Application\Application.csproj", "{4EA2FD37-0BE1-42D0-B333-FDD8DE72631F}"
EndProject
Project("{9A19103F-16F7-4668-BE54-9A1E7A4F7556}") = "Domain", "Domain\Domain.csproj", "{7D211F44-68D6-4AE4-8AEC-DBE2A8F34E76}"
EndProject
Project("{9A19103F-16F7-4668-BE54-9A1E7A4F7556}") = "Infrastructure", "Infrastructure\Infrastructure.csproj", "{7A5AAEBF-1552-458F-8DBB-A757043C15A3}"
EndProject
Project("{9A19103F-16F7-4668-BE54-9A1E7A4F7556}") = "Core", "Core\Core.csproj", "{8DA9D9F7-BE06-43D8-9616-E3A016CCDF99}"
EndProject
Global
	GlobalSection(SolutionConfigurationPlatforms) = preSolution
		Debug|Any CPU = Debug|Any CPU
		Release|Any CPU = Release|Any CPU
	EndGlobalSection
	GlobalSection(ProjectConfigurationPlatforms) = postSolution
		{9FC689A7-F26D-4567-BA2C-FFE5E9E18660}.Debug|Any CPU.ActiveCfg = Debug|Any CPU
		{9FC689A7-F26D-4567-BA2C-FFE5E9E18660}.Debug|Any CPU.Build.0 = Debug|Any CPU
		{9FC689A7-F26D-4567-BA2C-FFE5E9E18660}.Release|Any CPU.ActiveCfg = Release|Any CPU
		{9FC689A7-F26D-4567-BA2C-FFE5E9E18660}.Release|Any CPU.Build.0 = Release|Any CPU
		{4EA2FD37-0BE1-42D0-B333-FDD8DE72631F}.Debug|Any CPU.ActiveCfg = Debug|Any CPU
		{4EA2FD37-0BE1-42D0-B333-FDD8DE72631F}.Debug|Any CPU.Build.0 = Debug|Any CPU
		{4EA2FD37-0BE1-42D0-B333-FDD8DE72631F}.Release|Any CPU.ActiveCfg = Release|Any CPU
		{4EA2FD37-0BE1-42D0-B333-FDD8DE72631F}.Release|Any CPU.Build.0 = Release|Any CPU
		{7D211F44-68D6-4AE4-8AEC-DBE2A8F34E76}.Debug|Any CPU.ActiveCfg = Debug|Any CPU
		{7D211F44-68D6-4AE4-8AEC-DBE2A8F34E76}.Debug|Any CPU.Build.0 = Debug|Any CPU
		{7D211F44-68D6-4AE4-8AEC-DBE2A8F34E76}.Release|Any CPU.ActiveCfg = Release|Any CPU
		{7D211F44-68D6-4AE4-8AEC-DBE2A8F34E76}.Release|Any CPU.Build.0 = Release|Any CPU
		{7A5AAEBF-1552-458F-8DBB-A757043C15A3}.Debug|Any CPU.ActiveCfg = Debug|Any CPU
		{7A5AAEBF-1552-458F-8DBB-A757043C15A3}.Debug|Any CPU.Build.0 = Debug|Any CPU
		{7A5AAEBF-1552-458F-8DBB-A757043C15A3}.Release|Any CPU.ActiveCfg = Release|Any CPU
		{7A5AAEBF-1552-458F-8DBB-A757043C15A3}.Release|Any CPU.Build.0 = Release|Any CPU
		{8DA9D9F7-BE06-43D8-9616-E3A016CCDF99}.Debug|Any CPU.ActiveCfg = Debug|Any CPU
		{8DA9D9F7-BE06-43D8-9616-E3A016CCDF99}.Debug|Any CPU.Build.0 = Debug|Any CPU
		{8DA9D9F7-BE06-43D8-9616-E3A016CCDF99}.Release|Any CPU.ActiveCfg = Release|Any CPU
		{8DA9D9F7-BE06-43D8-9616-E3A016CCDF99}.Release|Any CPU.Build.0 = Release|Any CPU
	EndGlobalSection
	GlobalSection(SolutionProperties) = preSolution
		HideSolutionNode = FALSE
	EndGlobalSection
	GlobalSection(ExtensibilityGlobals) = postSolution
		SolutionGuid = {184D555E-C571-4736-A2FD-80F6BC23E465}
	EndGlobalSection
EndGlobal
